[package]
name = "snask_store"
version = "0.1.0"

[registry]
git_url = "https://github.com/rancidavi-dotcom/SnaskPackages"
rev = "768b116d856691a8ed300fa129eb74252ab2a4f5"

[dependencies.gui]
version = "0.2.1"
sha256 = "65da233deff946f551b0b4a2a13bef279cf9196b25051834c8d5e97f2c25fab4"
url = "gui.snask"

[dependencies.gui_app]
version = "0.1.3"
sha256 = "5f2b0680e36ca49dca6b0a2c882448305c7be4690100603e46a8dd00ca17fc8e"
url = "gui_app.snask"

[dependencies.gui_layout]
version = "0.1.1"
sha256 = "9097690acc71a385e6700a2a1510a4c1869359a77bc3b1c4a2b74afefb8c6d3f"
url = "gui_layout.snask"

[dependencies.gui_widgets]
version = "0.1.1"
sha256 = "65f646d2fb365b0972f2e37e39949ddce15a2f6986459dc2b249af5ec096d415"
url = "gui_widgets.snask"

[dependencies.json]
version = "1.0.0"
sha256 = "49ef519870cfee8b74c16f6cd8071bdd9acfbbd84b72d455a45d0aa162fd30f5"
url = "json.snask"

[dependencies.os]
version = "1.0.0"
sha256 = "54b3e626429fd570166870e46fd73457ad07570a60b121bda5e8b172960383c0"
url = "os.snask"
